// !$*UTF8*$!
{
	archiveVersion = 1;
	classes = {
	};
	objectVersion = 51;
	objects = {

/* Begin PBXBuildFile section */
		7D0D090F25661AE7005E5EF5 /* TMapSDK.framework in Frameworks */ = {isa = PBXBuildFile; fileRef = 7D0D090E25661AE7005E5EF5 /* TMapSDK.framework */; };
		7D0D091025661AE7005E5EF5 /* TMapSDK.framework in Embed Frameworks */ = {isa = PBXBuildFile; fileRef = 7D0D090E25661AE7005E5EF5 /* TMapSDK.framework */; settings = {ATTRIBUTES = (CodeSignOnCopy, RemoveHeadersOnCopy, ); }; };
		7D3DD8492563BCED004E1690 /* AppDelegate.swift in Sources */ = {isa = PBXBuildFile; fileRef = 7D3DD8482563BCED004E1690 /* AppDelegate.swift */; };
		7D3DD84D2563BCED004E1690 /* ViewController.swift in Sources */ = {isa = PBXBuildFile; fileRef = 7D3DD84C2563BCED004E1690 /* ViewController.swift */; };
		7D3DD8522563BCEF004E1690 /* Assets.xcassets in Resources */ = {isa = PBXBuildFile; fileRef = 7D3DD8512563BCEF004E1690 /* Assets.xcassets */; };
		7D3DD8552563BCEF004E1690 /* LaunchScreen.storyboard in Resources */ = {isa = PBXBuildFile; fileRef = 7D3DD8532563BCEF004E1690 /* LaunchScreen.storyboard */; };
		7DAA424A2565FD2E006D1677 /* TMapViewController.swift in Sources */ = {isa = PBXBuildFile; fileRef = 7DAA42492565FD2E006D1677 /* TMapViewController.swift */; };
		7DF13C5B256B330300C0903C /* NaverMapViewController.swift in Sources */ = {isa = PBXBuildFile; fileRef = 7DF13C5A256B330300C0903C /* NaverMapViewController.swift */; };
		E2024A913B1788A56A24CCBF /* Pods_locationTest.framework in Frameworks */ = {isa = PBXBuildFile; fileRef = 46DB4606ECFCC6924EBE7FD9 /* Pods_locationTest.framework */; };
/* End PBXBuildFile section */

/* Begin PBXCopyFilesBuildPhase section */
		7DAA42362565F831006D1677 /* Embed Frameworks */ = {
			isa = PBXCopyFilesBuildPhase;
			buildActionMask = 2147483647;
			dstPath = "";
			dstSubfolderSpec = 10;
			files = (
				7D0D091025661AE7005E5EF5 /* TMapSDK.framework in Embed Frameworks */,
			);
			name = "Embed Frameworks";
			runOnlyForDeploymentPostprocessing = 0;
		};
/* End PBXCopyFilesBuildPhase section */

/* Begin PBXFileReference section */
		46DB4606ECFCC6924EBE7FD9 /* Pods_locationTest.framework */ = {isa = PBXFileReference; explicitFileType = wrapper.framework; includeInIndex = 0; path = Pods_locationTest.framework; sourceTree = BUILT_PRODUCTS_DIR; };
		7D0D090E25661AE7005E5EF5 /* TMapSDK.framework */ = {isa = PBXFileReference; lastKnownFileType = wrapper.framework; path = TMapSDK.framework; sourceTree = "<group>"; };
		7D3DD8452563BCED004E1690 /* locationTest.app */ = {isa = PBXFileReference; explicitFileType = wrapper.application; includeInIndex = 0; path = locationTest.app; sourceTree = BUILT_PRODUCTS_DIR; };
		7D3DD8482563BCED004E1690 /* AppDelegate.swift */ = {isa = PBXFileReference; lastKnownFileType = sourcecode.swift; path = AppDelegate.swift; sourceTree = "<group>"; };
		7D3DD84C2563BCED004E1690 /* ViewController.swift */ = {isa = PBXFileReference; lastKnownFileType = sourcecode.swift; path = ViewController.swift; sourceTree = "<group>"; };
		7D3DD8512563BCEF004E1690 /* Assets.xcassets */ = {isa = PBXFileReference; lastKnownFileType = folder.assetcatalog; path = Assets.xcassets; sourceTree = "<group>"; };
		7D3DD8542563BCEF004E1690 /* Base */ = {isa = PBXFileReference; lastKnownFileType = file.storyboard; name = Base; path = Base.lproj/LaunchScreen.storyboard; sourceTree = "<group>"; };
		7D3DD8562563BCEF004E1690 /* Info.plist */ = {isa = PBXFileReference; lastKnownFileType = text.plist.xml; path = Info.plist; sourceTree = "<group>"; };
		7DAA42492565FD2E006D1677 /* TMapViewController.swift */ = {isa = PBXFileReference; lastKnownFileType = sourcecode.swift; path = TMapViewController.swift; sourceTree = "<group>"; };
		7DF13C5A256B330300C0903C /* NaverMapViewController.swift */ = {isa = PBXFileReference; lastKnownFileType = sourcecode.swift; path = NaverMapViewController.swift; sourceTree = "<group>"; };
		966308FF78F61A7CB967B81A /* Pods-locationTest.debug.xcconfig */ = {isa = PBXFileReference; includeInIndex = 1; lastKnownFileType = text.xcconfig; name = "Pods-locationTest.debug.xcconfig"; path = "Target Support Files/Pods-locationTest/Pods-locationTest.debug.xcconfig"; sourceTree = "<group>"; };
		C9BF9221CE0C6BAE7A02B2BB /* Pods-locationTest.release.xcconfig */ = {isa = PBXFileReference; includeInIndex = 1; lastKnownFileType = text.xcconfig; name = "Pods-locationTest.release.xcconfig"; path = "Target Support Files/Pods-locationTest/Pods-locationTest.release.xcconfig"; sourceTree = "<group>"; };
/* End PBXFileReference section */

/* Begin PBXFrameworksBuildPhase section */
		7D3DD8422563BCED004E1690 /* Frameworks */ = {
			isa = PBXFrameworksBuildPhase;
			buildActionMask = 2147483647;
			files = (
				E2024A913B1788A56A24CCBF /* Pods_locationTest.framework in Frameworks */,
				7D0D090F25661AE7005E5EF5 /* TMapSDK.framework in Frameworks */,
			);
			runOnlyForDeploymentPostprocessing = 0;
		};
/* End PBXFrameworksBuildPhase section */

/* Begin PBXGroup section */
		78B6658DD49077AD23175159 /* Pods */ = {
			isa = PBXGroup;
			children = (
				966308FF78F61A7CB967B81A /* Pods-locationTest.debug.xcconfig */,
				C9BF9221CE0C6BAE7A02B2BB /* Pods-locationTest.release.xcconfig */,
			);
			path = Pods;
			sourceTree = "<group>";
		};
		7D3DD83C2563BCED004E1690 = {
			isa = PBXGroup;
			children = (
				7D3DD8472563BCED004E1690 /* locationTest */,
				7D3DD8462563BCED004E1690 /* Products */,
				7DEBC6032564A0A000E1C0D8 /* Frameworks */,
				78B6658DD49077AD23175159 /* Pods */,
			);
			sourceTree = "<group>";
		};
		7D3DD8462563BCED004E1690 /* Products */ = {
			isa = PBXGroup;
			children = (
				7D3DD8452563BCED004E1690 /* locationTest.app */,
			);
			name = Products;
			sourceTree = "<group>";
		};
		7D3DD8472563BCED004E1690 /* locationTest */ = {
			isa = PBXGroup;
			children = (
				7D3DD8482563BCED004E1690 /* AppDelegate.swift */,
				7D3DD84C2563BCED004E1690 /* ViewController.swift */,
				7DAA42492565FD2E006D1677 /* TMapViewController.swift */,
				7DF13C5A256B330300C0903C /* NaverMapViewController.swift */,
				7D3DD8512563BCEF004E1690 /* Assets.xcassets */,
				7D3DD8532563BCEF004E1690 /* LaunchScreen.storyboard */,
				7D3DD8562563BCEF004E1690 /* Info.plist */,
			);
			path = locationTest;
			sourceTree = "<group>";
		};
		7DEBC6032564A0A000E1C0D8 /* Frameworks */ = {
			isa = PBXGroup;
			children = (
				7D0D090E25661AE7005E5EF5 /* TMapSDK.framework */,
				46DB4606ECFCC6924EBE7FD9 /* Pods_locationTest.framework */,
			);
			name = Frameworks;
			sourceTree = "<group>";
		};
/* End PBXGroup section */

/* Begin PBXNativeTarget section */
		7D3DD8442563BCED004E1690 /* locationTest */ = {
			isa = PBXNativeTarget;
			buildConfigurationList = 7D3DD8592563BCEF004E1690 /* Build configuration list for PBXNativeTarget "locationTest" */;
			buildPhases = (
				DD9B4F04655A8C4CDC78EC18 /* [CP] Check Pods Manifest.lock */,
				7D3DD8412563BCED004E1690 /* Sources */,
				7D3DD8422563BCED004E1690 /* Frameworks */,
				7D3DD8432563BCED004E1690 /* Resources */,
				2366FE9142A7AC1A09D7D702 /* [CP] Embed Pods Frameworks */,
				7DAA42362565F831006D1677 /* Embed Frameworks */,
			);
			buildRules = (
			);
			dependencies = (
			);
			name = locationTest;
			productName = locationTest;
			productReference = 7D3DD8452563BCED004E1690 /* locationTest.app */;
			productType = "com.apple.product-type.application";
		};
/* End PBXNativeTarget section */

/* Begin PBXProject section */
		7D3DD83D2563BCED004E1690 /* Project object */ = {
			isa = PBXProject;
			attributes = {
				LastSwiftUpdateCheck = 1200;
				LastUpgradeCheck = 1200;
				TargetAttributes = {
					7D3DD8442563BCED004E1690 = {
						CreatedOnToolsVersion = 12.0;
					};
				};
			};
			buildConfigurationList = 7D3DD8402563BCED004E1690 /* Build configuration list for PBXProject "locationTest" */;
			compatibilityVersion = "Xcode 9.3";
			developmentRegion = en;
			hasScannedForEncodings = 0;
			knownRegions = (
				en,
				Base,
			);
			mainGroup = 7D3DD83C2563BCED004E1690;
			productRefGroup = 7D3DD8462563BCED004E1690 /* Products */;
			projectDirPath = "";
			projectRoot = "";
			targets = (
				7D3DD8442563BCED004E1690 /* locationTest */,
			);
		};
/* End PBXProject section */

/* Begin PBXResourcesBuildPhase section */
		7D3DD8432563BCED004E1690 /* Resources */ = {
			isa = PBXResourcesBuildPhase;
			buildActionMask = 2147483647;
			files = (
				7D3DD8552563BCEF004E1690 /* LaunchScreen.storyboard in Resources */,
				7D3DD8522563BCEF004E1690 /* Assets.xcassets in Resources */,
			);
			runOnlyForDeploymentPostprocessing = 0;
		};
/* End PBXResourcesBuildPhase section */

/* Begin PBXShellScriptBuildPhase section */
		2366FE9142A7AC1A09D7D702 /* [CP] Embed Pods Frameworks */ = {
			isa = PBXShellScriptBuildPhase;
			buildActionMask = 2147483647;
			files = (
			);
			inputFileListPaths = (
				"${PODS_ROOT}/Target Support Files/Pods-locationTest/Pods-locationTest-frameworks-${CONFIGURATION}-input-files.xcfilelist",
			);
			name = "[CP] Embed Pods Frameworks";
			outputFileListPaths = (
				"${PODS_ROOT}/Target Support Files/Pods-locationTest/Pods-locationTest-frameworks-${CONFIGURATION}-output-files.xcfilelist",
			);
			runOnlyForDeploymentPostprocessing = 0;
			shellPath = /bin/sh;
			shellScript = "\"${PODS_ROOT}/Target Support Files/Pods-locationTest/Pods-locationTest-frameworks.sh\"\n";
			showEnvVarsInLog = 0;
		};
		DD9B4F04655A8C4CDC78EC18 /* [CP] Check Pods Manifest.lock */ = {
			isa = PBXShellScriptBuildPhase;
			buildActionMask = 2147483647;
			files = (
			);
			inputFileListPaths = (
			);
			inputPaths = (
				"${PODS_PODFILE_DIR_PATH}/Podfile.lock",
				"${PODS_ROOT}/Manifest.lock",
			);
			name = "[CP] Check Pods Manifest.lock";
			outputFileListPaths = (
			);
			outputPaths = (
				"$(DERIVED_FILE_DIR)/Pods-locationTest-checkManifestLockResult.txt",
			);
			runOnlyForDeploymentPostprocessing = 0;
			shellPath = /bin/sh;
			shellScript = "diff \"${PODS_PODFILE_DIR_PATH}/Podfile.lock\" \"${PODS_ROOT}/Manifest.lock\" > /dev/null\nif [ $? != 0 ] ; then\n    # print error to STDERR\n    echo \"error: The sandbox is not in sync with the Podfile.lock. Run 'pod install' or update your CocoaPods installation.\" >&2\n    exit 1\nfi\n# This output is used by Xcode 'outputs' to avoid re-running this script phase.\necho \"SUCCESS\" > \"${SCRIPT_OUTPUT_FILE_0}\"\n";
			showEnvVarsInLog = 0;
		};
/* End PBXShellScriptBuildPhase section */

/* Begin PBXSourcesBuildPhase section */
		7D3DD8412563BCED004E1690 /* Sources */ = {
			isa = PBXSourcesBuildPhase;
			buildActionMask = 2147483647;
			files = (
				7DF13C5B256B330300C0903C /* NaverMapViewController.swift in Sources */,
				7D3DD84D2563BCED004E1690 /* ViewController.swift in Sources */,
				7DAA424A2565FD2E006D1677 /* TMapViewController.swift in Sources */,
				7D3DD8492563BCED004E1690 /* AppDelegate.swift in Sources */,
			);
			runOnlyForDeploymentPostprocessing = 0;
		};
/* End PBXSourcesBuildPhase section */

/* Begin PBXVariantGroup section */
		7D3DD8532563BCEF004E1690 /* LaunchScreen.storyboard */ = {
			isa = PBXVariantGroup;
			children = (
				7D3DD8542563BCEF004E1690 /* Base */,
			);
			name = LaunchScreen.storyboard;
			sourceTree = "<group>";
		};
/* End PBXVariantGroup section */

/* Begin XCBuildConfiguration section */
		7D3DD8572563BCEF004E1690 /* Debug */ = {
			isa = XCBuildConfiguration;
			buildSettings = {
				ALWAYS_SEARCH_USER_PATHS = NO;
				CLANG_ANALYZER_NONNULL = YES;
				CLANG_ANALYZER_NUMBER_OBJECT_CONVERSION = YES_AGGRESSIVE;
				CLANG_CXX_LANGUAGE_STANDARD = "gnu++14";
				CLANG_CXX_LIBRARY = "libc++";
				CLANG_ENABLE_MODULES = YES;
				CLANG_ENABLE_OBJC_ARC = YES;
				CLANG_ENABLE_OBJC_WEAK = YES;
				CLANG_WARN_BLOCK_CAPTURE_AUTORELEASING = YES;
				CLANG_WARN_BOOL_CONVERSION = YES;
				CLANG_WARN_COMMA = YES;
				CLANG_WARN_CONSTANT_CONVERSION = YES;
				CLANG_WARN_DEPRECATED_OBJC_IMPLEMENTATIONS = YES;
				CLANG_WARN_DIRECT_OBJC_ISA_USAGE = YES_ERROR;
				CLANG_WARN_DOCUMENTATION_COMMENTS = YES;
				CLANG_WARN_EMPTY_BODY = YES;
				CLANG_WARN_ENUM_CONVERSION = YES;
				CLANG_WARN_INFINITE_RECURSION = YES;
				CLANG_WARN_INT_CONVERSION = YES;
				CLANG_WARN_NON_LITERAL_NULL_CONVERSION = YES;
				CLANG_WARN_OBJC_IMPLICIT_RETAIN_SELF = YES;
				CLANG_WARN_OBJC_LITERAL_CONVERSION = YES;
				CLANG_WARN_OBJC_ROOT_CLASS = YES_ERROR;
				CLANG_WARN_QUOTED_INCLUDE_IN_FRAMEWORK_HEADER = YES;
				CLANG_WARN_RANGE_LOOP_ANALYSIS = YES;
				CLANG_WARN_STRICT_PROTOTYPES = YES;
				CLANG_WARN_SUSPICIOUS_MOVE = YES;
				CLANG_WARN_UNGUARDED_AVAILABILITY = YES_AGGRESSIVE;
				CLANG_WARN_UNREACHABLE_CODE = YES;
				CLANG_WARN__DUPLICATE_METHOD_MATCH = YES;
				COPY_PHASE_STRIP = NO;
				DEBUG_INFORMATION_FORMAT = dwarf;
				ENABLE_STRICT_OBJC_MSGSEND = YES;
				ENABLE_TESTABILITY = YES;
				GCC_C_LANGUAGE_STANDARD = gnu11;
				GCC_DYNAMIC_NO_PIC = NO;
				GCC_NO_COMMON_BLOCKS = YES;
				GCC_OPTIMIZATION_LEVEL = 0;
				GCC_PREPROCESSOR_DEFINITIONS = (
					"DEBUG=1",
					"$(inherited)",
				);
				GCC_WARN_64_TO_32_BIT_CONVERSION = YES;
				GCC_WARN_ABOUT_RETURN_TYPE = YES_ERROR;
				GCC_WARN_UNDECLARED_SELECTOR = YES;
				GCC_WARN_UNINITIALIZED_AUTOS = YES_AGGRESSIVE;
				GCC_WARN_UNUSED_FUNCTION = YES;
				GCC_WARN_UNUSED_VARIABLE = YES;
				IPHONEOS_DEPLOYMENT_TARGET = 12.0;
				MTL_ENABLE_DEBUG_INFO = INCLUDE_SOURCE;
				MTL_FAST_MATH = YES;
				ONLY_ACTIVE_ARCH = YES;
				SDKROOT = iphoneos;
				SWIFT_ACTIVE_COMPILATION_CONDITIONS = DEBUG;
				SWIFT_OPTIMIZATION_LEVEL = "-Onone";
			};
			name = Debug;
		};
		7D3DD8582563BCEF004E1690 /* Release */ = {
			isa = XCBuildConfiguration;
			buildSettings = {
				ALWAYS_SEARCH_USER_PATHS = NO;
				CLANG_ANALYZER_NONNULL = YES;
				CLANG_ANALYZER_NUMBER_OBJECT_CONVERSION = YES_AGGRESSIVE;
				CLANG_CXX_LANGUAGE_STANDARD = "gnu++14";
				CLANG_CXX_LIBRARY = "libc++";
				CLANG_ENABLE_MODULES = YES;
				CLANG_ENABLE_OBJC_ARC = YES;
				CLANG_ENABLE_OBJC_WEAK = YES;
				CLANG_WARN_BLOCK_CAPTURE_AUTORELEASING = YES;
				CLANG_WARN_BOOL_CONVERSION = YES;
				CLANG_WARN_COMMA = YES;
				CLANG_WARN_CONSTANT_CONVERSION = YES;
				CLANG_WARN_DEPRECATED_OBJC_IMPLEMENTATIONS = YES;
				CLANG_WARN_DIRECT_OBJC_ISA_USAGE = YES_ERROR;
				CLANG_WARN_DOCUMENTATION_COMMENTS = YES;
				CLANG_WARN_EMPTY_BODY = YES;
				CLANG_WARN_ENUM_CONVERSION = YES;
				CLANG_WARN_INFINITE_RECURSION = YES;
				CLANG_WARN_INT_CONVERSION = YES;
				CLANG_WARN_NON_LITERAL_NULL_CONVERSION = YES;
				CLANG_WARN_OBJC_IMPLICIT_RETAIN_SELF = YES;
				CLANG_WARN_OBJC_LITERAL_CONVERSION = YES;
				CLANG_WARN_OBJC_ROOT_CLASS = YES_ERROR;
				CLANG_WARN_QUOTED_INCLUDE_IN_FRAMEWORK_HEADER = YES;
				CLANG_WARN_RANGE_LOOP_ANALYSIS = YES;
				CLANG_WARN_STRICT_PROTOTYPES = YES;
				CLANG_WARN_SUSPICIOUS_MOVE = YES;
				CLANG_WARN_UNGUARDED_AVAILABILITY = YES_AGGRESSIVE;
				CLANG_WARN_UNREACHABLE_CODE = YES;
				CLANG_WARN__DUPLICATE_METHOD_MATCH = YES;
				COPY_PHASE_STRIP = NO;
				DEBUG_INFORMATION_FORMAT = "dwarf-with-dsym";
				ENABLE_NS_ASSERTIONS = NO;
				ENABLE_STRICT_OBJC_MSGSEND = YES;
				GCC_C_LANGUAGE_STANDARD = gnu11;
				GCC_NO_COMMON_BLOCKS = YES;
				GCC_WARN_64_TO_32_BIT_CONVERSION = YES;
				GCC_WARN_ABOUT_RETURN_TYPE = YES_ERROR;
				GCC_WARN_UNDECLARED_SELECTOR = YES;
				GCC_WARN_UNINITIALIZED_AUTOS = YES_AGGRESSIVE;
				GCC_WARN_UNUSED_FUNCTION = YES;
				GCC_WARN_UNUSED_VARIABLE = YES;
				IPHONEOS_DEPLOYMENT_TARGET = 12.0;
				MTL_ENABLE_DEBUG_INFO = NO;
				MTL_FAST_MATH = YES;
				ONLY_ACTIVE_ARCH = NO;
				SDKROOT = iphoneos;
				SWIFT_COMPILATION_MODE = wholemodule;
				SWIFT_OPTIMIZATION_LEVEL = "-O";
				VALIDATE_PRODUCT = YES;
			};
			name = Release;
		};
		7D3DD85A2563BCEF004E1690 /* Debug */ = {
			isa = XCBuildConfiguration;
			baseConfigurationReference = 966308FF78F61A7CB967B81A /* Pods-locationTest.debug.xcconfig */;
			buildSettings = {
				ASSETCATALOG_COMPILER_APPICON_NAME = AppIcon;
				ASSETCATALOG_COMPILER_GLOBAL_ACCENT_COLOR_NAME = AccentColor;
				CODE_SIGN_STYLE = Automatic;
				DEVELOPMENT_TEAM = PS3VKR6VLL;
				EXCLUDED_ARCHS = "";
				"EXCLUDED_ARCHS[sdk=iphonesimulator*]" = arm64;
				FRAMEWORK_SEARCH_PATHS = (
					"$(inherited)",
					"\"${PODS_CONFIGURATION_BUILD_DIR}/RxCocoa\"",
					"\"${PODS_CONFIGURATION_BUILD_DIR}/RxRelay\"",
					"\"${PODS_CONFIGURATION_BUILD_DIR}/RxSwift\"",
					"$(PROJECT_DIR)",
				);
				INFOPLIST_FILE = locationTest/Info.plist;
				LD_RUNPATH_SEARCH_PATHS = (
					"$(inherited)",
					"@executable_path/Frameworks",
				);
				ONLY_ACTIVE_ARCH = YES;
				PRODUCT_BUNDLE_IDENTIFIER = com.swkwon.locationTest;
				PRODUCT_NAME = "$(TARGET_NAME)";
				SWIFT_VERSION = 5.0;
				TARGETED_DEVICE_FAMILY = "1,2";
			};
			name = Debug;
		};
		7D3DD85B2563BCEF004E1690 /* Release */ = {
			isa = XCBuildConfiguration;
			baseConfigurationReference = C9BF9221CE0C6BAE7A02B2BB /* Pods-locationTest.release.xcconfig */;
			buildSettings = {
				ASSETCATALOG_COMPILER_APPICON_NAME = AppIcon;
				ASSETCATALOG_COMPILER_GLOBAL_ACCENT_COLOR_NAME = AccentColor;
				CODE_SIGN_STYLE = Automatic;
				DEVELOPMENT_TEAM = PS3VKR6VLL;
				"EXCLUDED_ARCHS[sdk=iphonesimulator*]" = arm64;
				FRAMEWORK_SEARCH_PATHS = (
					"$(inherited)",
					"$(PROJECT_DIR)",
				);
				INFOPLIST_FILE = locationTest/Info.plist;
				LD_RUNPATH_SEARCH_PATHS = (
					"$(inherited)",
					"@executable_path/Frameworks",
				);
				ONLY_ACTIVE_ARCH = NO;
				PRODUCT_BUNDLE_IDENTIFIER = com.swkwon.locationTest;
				PRODUCT_NAME = "$(TARGET_NAME)";
				SWIFT_VERSION = 5.0;
				TARGETED_DEVICE_FAMILY = "1,2";
			};
			name = Release;
		};
/* End XCBuildConfiguration section */

/* Begin XCConfigurationList section */
		7D3DD8402563BCED004E1690 /* Build configuration list for PBXProject "locationTest" */ = {
			isa = XCConfigurationList;
			buildConfigurations = (
				7D3DD8572563BCEF004E1690 /* Debug */,
				7D3DD8582563BCEF004E1690 /* Release */,
			);
			defaultConfigurationIsVisible = 0;
			defaultConfigurationName = Release;
		};
		7D3DD8592563BCEF004E1690 /* Build configuration list for PBXNativeTarget "locationTest" */ = {
			isa = XCConfigurationList;
			buildConfigurations = (
				7D3DD85A2563BCEF004E1690 /* Debug */,
				7D3DD85B2563BCEF004E1690 /* Release */,
			);
			defaultConfigurationIsVisible = 0;
			defaultConfigurationName = Release;
		};
/* End XCConfigurationList section */
	};
	rootObject = 7D3DD83D2563BCED004E1690 /* Project object */;
}
